// !$*UTF8*$!
{
	archiveVersion = 1;
	classes = {
	};
	objectVersion = 50;
	objects = {

/* Begin PBXBuildFile section */
		2A2FEF3624B6104F00929ABC /* DayModel.swift in Sources */ = {isa = PBXBuildFile; fileRef = 2A2FEF3524B6104F00929ABC /* DayModel.swift */; };
		2A2FEF3924B6110E00929ABC /* ActivityModel.swift in Sources */ = {isa = PBXBuildFile; fileRef = 2A2FEF3824B6110E00929ABC /* ActivityModel.swift */; };
		2A2FEF3B24B611BF00929ABC /* ActivityTypeEnum.swift in Sources */ = {isa = PBXBuildFile; fileRef = 2A2FEF3A24B611BF00929ABC /* ActivityTypeEnum.swift */; };
		2A2FEF3D24B6120F00929ABC /* MockData.swift in Sources */ = {isa = PBXBuildFile; fileRef = 2A2FEF3C24B6120F00929ABC /* MockData.swift */; };
		2A2FEF4224B615C600929ABC /* ActivitiesViewController.swift in Sources */ = {isa = PBXBuildFile; fileRef = 2A2FEF4124B615C600929ABC /* ActivitiesViewController.swift */; };
		2A2FEF4424B61C3400929ABC /* ActivitiesViewController.storyboard in Resources */ = {isa = PBXBuildFile; fileRef = 2A2FEF4324B61C3400929ABC /* ActivitiesViewController.storyboard */; };
		2A2FEF4624B6456D00929ABC /* HeaderTableViewCell.swift in Sources */ = {isa = PBXBuildFile; fileRef = 2A2FEF4524B6456D00929ABC /* HeaderTableViewCell.swift */; };
		2AA8CAB324B37DAD00B30A98 /* TripModel.swift in Sources */ = {isa = PBXBuildFile; fileRef = 2AA8CAB224B37DAD00B30A98 /* TripModel.swift */; };
		2AA8CAB524B37DB800B30A98 /* TripFunctions.swift in Sources */ = {isa = PBXBuildFile; fileRef = 2AA8CAB424B37DB800B30A98 /* TripFunctions.swift */; };
		2AA8CAB724B37FCA00B30A98 /* Data.swift in Sources */ = {isa = PBXBuildFile; fileRef = 2AA8CAB624B37FCA00B30A98 /* Data.swift */; };
		2AA8CABC24B3841200B30A98 /* TripsViewController.storyboard in Resources */ = {isa = PBXBuildFile; fileRef = 2AA8CABB24B3841200B30A98 /* TripsViewController.storyboard */; };
		2AA8CABF24B3847D00B30A98 /* TripsViewController.swift in Sources */ = {isa = PBXBuildFile; fileRef = 2AA8CABE24B3847D00B30A98 /* TripsViewController.swift */; };
		2AA8CAC124B3903900B30A98 /* TripsTableViewCell.swift in Sources */ = {isa = PBXBuildFile; fileRef = 2AA8CAC024B3903900B30A98 /* TripsTableViewCell.swift */; };
		2AA8CAC524B39F1F00B30A98 /* UIViewExtension.swift in Sources */ = {isa = PBXBuildFile; fileRef = 2AA8CAC424B39F1F00B30A98 /* UIViewExtension.swift */; };
		2AA8CAC824B3A11D00B30A98 /* Theme.swift in Sources */ = {isa = PBXBuildFile; fileRef = 2AA8CAC724B3A11D00B30A98 /* Theme.swift */; };
		2AA8CACA24B3A1FC00B30A98 /* FugazOne-Regular.ttf in Resources */ = {isa = PBXBuildFile; fileRef = 2AA8CAC924B3A1FC00B30A98 /* FugazOne-Regular.ttf */; };
		2AA8CACC24B3A40600B30A98 /* Colours.xcassets in Resources */ = {isa = PBXBuildFile; fileRef = 2AA8CACB24B3A40600B30A98 /* Colours.xcassets */; };
		2AA8CACE24B464E200B30A98 /* UIAddTripButtonExtension.swift in Sources */ = {isa = PBXBuildFile; fileRef = 2AA8CACD24B464E200B30A98 /* UIAddTripButtonExtension.swift */; };
		2AA8CAD324B4746900B30A98 /* AddTripViewController.swift in Sources */ = {isa = PBXBuildFile; fileRef = 2AA8CAD224B4746900B30A98 /* AddTripViewController.swift */; };
		2AA8CAD624B478DA00B30A98 /* PopupUIView.swift in Sources */ = {isa = PBXBuildFile; fileRef = 2AA8CAD524B478DA00B30A98 /* PopupUIView.swift */; };
		2AA8CAD824B47A9300B30A98 /* PopupButton.swift in Sources */ = {isa = PBXBuildFile; fileRef = 2AA8CAD724B47A9300B30A98 /* PopupButton.swift */; };
		2AC144F724B4857E0048F07A /* AddTripViewController.storyboard in Resources */ = {isa = PBXBuildFile; fileRef = 2AC144F624B4857E0048F07A /* AddTripViewController.storyboard */; };
		2AE3FD6424B64B96003F2651 /* ActivityTableViewCell.swift in Sources */ = {isa = PBXBuildFile; fileRef = 2AE3FD6324B64B96003F2651 /* ActivityTableViewCell.swift */; };
		2AE3FD6624B658EC003F2651 /* Constants.swift in Sources */ = {isa = PBXBuildFile; fileRef = 2AE3FD6524B658EC003F2651 /* Constants.swift */; };
		2AE3FD6924B715C4003F2651 /* AddDayViewController.storyboard in Resources */ = {isa = PBXBuildFile; fileRef = 2AE3FD6824B715C4003F2651 /* AddDayViewController.storyboard */; };
		2AE3FD6B24B715DA003F2651 /* AddDayViewController.swift in Sources */ = {isa = PBXBuildFile; fileRef = 2AE3FD6A24B715DA003F2651 /* AddDayViewController.swift */; };
		2AE3FD6D24B71DCD003F2651 /* UIViewControllerExtension.swift in Sources */ = {isa = PBXBuildFile; fileRef = 2AE3FD6C24B71DCD003F2651 /* UIViewControllerExtension.swift */; };
		2AE3FD6F24B72124003F2651 /* UITextFieldExtension.swift in Sources */ = {isa = PBXBuildFile; fileRef = 2AE3FD6E24B72124003F2651 /* UITextFieldExtension.swift */; };
		2AE3FD7124B725E4003F2651 /* DayFunctions.swift in Sources */ = {isa = PBXBuildFile; fileRef = 2AE3FD7024B725E4003F2651 /* DayFunctions.swift */; };
		2AE3FD7324B733F3003F2651 /* DateExtension.swift in Sources */ = {isa = PBXBuildFile; fileRef = 2AE3FD7224B733F3003F2651 /* DateExtension.swift */; };
		2AE3FD7624B785D8003F2651 /* AddActivityViewController.storyboard in Resources */ = {isa = PBXBuildFile; fileRef = 2AE3FD7524B785D8003F2651 /* AddActivityViewController.storyboard */; };
		2AE3FD7824B785E7003F2651 /* AddActivityViewController.swift in Sources */ = {isa = PBXBuildFile; fileRef = 2AE3FD7724B785E7003F2651 /* AddActivityViewController.swift */; };
		2AE3FD7A24B7A414003F2651 /* ActivityFunctions.swift in Sources */ = {isa = PBXBuildFile; fileRef = 2AE3FD7924B7A414003F2651 /* ActivityFunctions.swift */; };
		2AEC6FA724AFA9F00015E092 /* AppDelegate.swift in Sources */ = {isa = PBXBuildFile; fileRef = 2AEC6FA624AFA9F00015E092 /* AppDelegate.swift */; };
		2AEC6FA924AFA9F00015E092 /* SceneDelegate.swift in Sources */ = {isa = PBXBuildFile; fileRef = 2AEC6FA824AFA9F00015E092 /* SceneDelegate.swift */; };
		2AEC6FB024AFA9F30015E092 /* Assets.xcassets in Resources */ = {isa = PBXBuildFile; fileRef = 2AEC6FAF24AFA9F30015E092 /* Assets.xcassets */; };
		2AEC6FB324AFA9F30015E092 /* LaunchScreen.storyboard in Resources */ = {isa = PBXBuildFile; fileRef = 2AEC6FB124AFA9F30015E092 /* LaunchScreen.storyboard */; };
/* End PBXBuildFile section */

/* Begin PBXFileReference section */
		2A2FEF3524B6104F00929ABC /* DayModel.swift */ = {isa = PBXFileReference; lastKnownFileType = sourcecode.swift; path = DayModel.swift; sourceTree = "<group>"; };
		2A2FEF3824B6110E00929ABC /* ActivityModel.swift */ = {isa = PBXFileReference; lastKnownFileType = sourcecode.swift; path = ActivityModel.swift; sourceTree = "<group>"; };
		2A2FEF3A24B611BF00929ABC /* ActivityTypeEnum.swift */ = {isa = PBXFileReference; lastKnownFileType = sourcecode.swift; path = ActivityTypeEnum.swift; sourceTree = "<group>"; };
		2A2FEF3C24B6120F00929ABC /* MockData.swift */ = {isa = PBXFileReference; lastKnownFileType = sourcecode.swift; path = MockData.swift; sourceTree = "<group>"; };
		2A2FEF4124B615C600929ABC /* ActivitiesViewController.swift */ = {isa = PBXFileReference; lastKnownFileType = sourcecode.swift; path = ActivitiesViewController.swift; sourceTree = "<group>"; };
		2A2FEF4324B61C3400929ABC /* ActivitiesViewController.storyboard */ = {isa = PBXFileReference; lastKnownFileType = file.storyboard; path = ActivitiesViewController.storyboard; sourceTree = "<group>"; };
		2A2FEF4524B6456D00929ABC /* HeaderTableViewCell.swift */ = {isa = PBXFileReference; lastKnownFileType = sourcecode.swift; path = HeaderTableViewCell.swift; sourceTree = "<group>"; };
		2AA8CAB224B37DAD00B30A98 /* TripModel.swift */ = {isa = PBXFileReference; lastKnownFileType = sourcecode.swift; path = TripModel.swift; sourceTree = "<group>"; };
		2AA8CAB424B37DB800B30A98 /* TripFunctions.swift */ = {isa = PBXFileReference; lastKnownFileType = sourcecode.swift; path = TripFunctions.swift; sourceTree = "<group>"; };
		2AA8CAB624B37FCA00B30A98 /* Data.swift */ = {isa = PBXFileReference; lastKnownFileType = sourcecode.swift; path = Data.swift; sourceTree = "<group>"; };
		2AA8CABB24B3841200B30A98 /* TripsViewController.storyboard */ = {isa = PBXFileReference; lastKnownFileType = file.storyboard; path = TripsViewController.storyboard; sourceTree = "<group>"; };
		2AA8CABE24B3847D00B30A98 /* TripsViewController.swift */ = {isa = PBXFileReference; lastKnownFileType = sourcecode.swift; path = TripsViewController.swift; sourceTree = "<group>"; };
		2AA8CAC024B3903900B30A98 /* TripsTableViewCell.swift */ = {isa = PBXFileReference; lastKnownFileType = sourcecode.swift; path = TripsTableViewCell.swift; sourceTree = "<group>"; };
		2AA8CAC424B39F1F00B30A98 /* UIViewExtension.swift */ = {isa = PBXFileReference; lastKnownFileType = sourcecode.swift; path = UIViewExtension.swift; sourceTree = "<group>"; };
		2AA8CAC724B3A11D00B30A98 /* Theme.swift */ = {isa = PBXFileReference; lastKnownFileType = sourcecode.swift; path = Theme.swift; sourceTree = "<group>"; };
		2AA8CAC924B3A1FC00B30A98 /* FugazOne-Regular.ttf */ = {isa = PBXFileReference; lastKnownFileType = file; path = "FugazOne-Regular.ttf"; sourceTree = "<group>"; };
		2AA8CACB24B3A40600B30A98 /* Colours.xcassets */ = {isa = PBXFileReference; lastKnownFileType = folder.assetcatalog; path = Colours.xcassets; sourceTree = "<group>"; };
		2AA8CACD24B464E200B30A98 /* UIAddTripButtonExtension.swift */ = {isa = PBXFileReference; lastKnownFileType = sourcecode.swift; path = UIAddTripButtonExtension.swift; sourceTree = "<group>"; };
		2AA8CAD224B4746900B30A98 /* AddTripViewController.swift */ = {isa = PBXFileReference; lastKnownFileType = sourcecode.swift; path = AddTripViewController.swift; sourceTree = "<group>"; };
		2AA8CAD524B478DA00B30A98 /* PopupUIView.swift */ = {isa = PBXFileReference; lastKnownFileType = sourcecode.swift; path = PopupUIView.swift; sourceTree = "<group>"; };
		2AA8CAD724B47A9300B30A98 /* PopupButton.swift */ = {isa = PBXFileReference; lastKnownFileType = sourcecode.swift; path = PopupButton.swift; sourceTree = "<group>"; };
		2AC144F624B4857E0048F07A /* AddTripViewController.storyboard */ = {isa = PBXFileReference; fileEncoding = 4; lastKnownFileType = file.storyboard; path = AddTripViewController.storyboard; sourceTree = "<group>"; };
		2AE3FD6324B64B96003F2651 /* ActivityTableViewCell.swift */ = {isa = PBXFileReference; lastKnownFileType = sourcecode.swift; path = ActivityTableViewCell.swift; sourceTree = "<group>"; };
		2AE3FD6524B658EC003F2651 /* Constants.swift */ = {isa = PBXFileReference; lastKnownFileType = sourcecode.swift; path = Constants.swift; sourceTree = "<group>"; };
		2AE3FD6824B715C4003F2651 /* AddDayViewController.storyboard */ = {isa = PBXFileReference; lastKnownFileType = file.storyboard; path = AddDayViewController.storyboard; sourceTree = "<group>"; };
		2AE3FD6A24B715DA003F2651 /* AddDayViewController.swift */ = {isa = PBXFileReference; lastKnownFileType = sourcecode.swift; path = AddDayViewController.swift; sourceTree = "<group>"; };
		2AE3FD6C24B71DCD003F2651 /* UIViewControllerExtension.swift */ = {isa = PBXFileReference; lastKnownFileType = sourcecode.swift; path = UIViewControllerExtension.swift; sourceTree = "<group>"; };
		2AE3FD6E24B72124003F2651 /* UITextFieldExtension.swift */ = {isa = PBXFileReference; lastKnownFileType = sourcecode.swift; path = UITextFieldExtension.swift; sourceTree = "<group>"; };
		2AE3FD7024B725E4003F2651 /* DayFunctions.swift */ = {isa = PBXFileReference; lastKnownFileType = sourcecode.swift; path = DayFunctions.swift; sourceTree = "<group>"; };
		2AE3FD7224B733F3003F2651 /* DateExtension.swift */ = {isa = PBXFileReference; lastKnownFileType = sourcecode.swift; path = DateExtension.swift; sourceTree = "<group>"; };
		2AE3FD7524B785D8003F2651 /* AddActivityViewController.storyboard */ = {isa = PBXFileReference; lastKnownFileType = file.storyboard; path = AddActivityViewController.storyboard; sourceTree = "<group>"; };
		2AE3FD7724B785E7003F2651 /* AddActivityViewController.swift */ = {isa = PBXFileReference; lastKnownFileType = sourcecode.swift; path = AddActivityViewController.swift; sourceTree = "<group>"; };
		2AE3FD7924B7A414003F2651 /* ActivityFunctions.swift */ = {isa = PBXFileReference; lastKnownFileType = sourcecode.swift; path = ActivityFunctions.swift; sourceTree = "<group>"; };
		2AEC6FA324AFA9F00015E092 /* Itinerary.app */ = {isa = PBXFileReference; explicitFileType = wrapper.application; includeInIndex = 0; path = Itinerary.app; sourceTree = BUILT_PRODUCTS_DIR; };
		2AEC6FA624AFA9F00015E092 /* AppDelegate.swift */ = {isa = PBXFileReference; lastKnownFileType = sourcecode.swift; path = AppDelegate.swift; sourceTree = "<group>"; };
		2AEC6FA824AFA9F00015E092 /* SceneDelegate.swift */ = {isa = PBXFileReference; lastKnownFileType = sourcecode.swift; path = SceneDelegate.swift; sourceTree = "<group>"; };
		2AEC6FAF24AFA9F30015E092 /* Assets.xcassets */ = {isa = PBXFileReference; lastKnownFileType = folder.assetcatalog; path = Assets.xcassets; sourceTree = "<group>"; };
		2AEC6FB224AFA9F30015E092 /* Base */ = {isa = PBXFileReference; lastKnownFileType = file.storyboard; name = Base; path = Base.lproj/LaunchScreen.storyboard; sourceTree = "<group>"; };
		2AEC6FB424AFA9F30015E092 /* Info.plist */ = {isa = PBXFileReference; lastKnownFileType = text.plist.xml; path = Info.plist; sourceTree = "<group>"; };
/* End PBXFileReference section */

/* Begin PBXFrameworksBuildPhase section */
		2AEC6FA024AFA9F00015E092 /* Frameworks */ = {
			isa = PBXFrameworksBuildPhase;
			buildActionMask = 2147483647;
			files = (
			);
			runOnlyForDeploymentPostprocessing = 0;
		};
/* End PBXFrameworksBuildPhase section */

/* Begin PBXGroup section */
		2A2FEF3424B6103900929ABC /* Day */ = {
			isa = PBXGroup;
			children = (
				2A2FEF3524B6104F00929ABC /* DayModel.swift */,
				2AE3FD7024B725E4003F2651 /* DayFunctions.swift */,
			);
			path = Day;
			sourceTree = "<group>";
		};
		2A2FEF3724B610DC00929ABC /* Activity */ = {
			isa = PBXGroup;
			children = (
				2A2FEF3824B6110E00929ABC /* ActivityModel.swift */,
				2A2FEF3A24B611BF00929ABC /* ActivityTypeEnum.swift */,
				2AE3FD7924B7A414003F2651 /* ActivityFunctions.swift */,
			);
			path = Activity;
			sourceTree = "<group>";
		};
		2A2FEF4024B6158500929ABC /* ActivitiesViewController */ = {
			isa = PBXGroup;
			children = (
				2A2FEF4324B61C3400929ABC /* ActivitiesViewController.storyboard */,
				2A2FEF4124B615C600929ABC /* ActivitiesViewController.swift */,
				2A2FEF4524B6456D00929ABC /* HeaderTableViewCell.swift */,
				2AE3FD6324B64B96003F2651 /* ActivityTableViewCell.swift */,
			);
			path = ActivitiesViewController;
			sourceTree = "<group>";
		};
		2AA8CAB024B37D8800B30A98 /* Model */ = {
			isa = PBXGroup;
			children = (
				2AA8CAB624B37FCA00B30A98 /* Data.swift */,
				2A2FEF3C24B6120F00929ABC /* MockData.swift */,
				2AA8CAB124B37D8F00B30A98 /* Trip */,
				2A2FEF3424B6103900929ABC /* Day */,
				2A2FEF3724B610DC00929ABC /* Activity */,
			);
			path = Model;
			sourceTree = "<group>";
		};
		2AA8CAB124B37D8F00B30A98 /* Trip */ = {
			isa = PBXGroup;
			children = (
				2AA8CAB224B37DAD00B30A98 /* TripModel.swift */,
				2AA8CAB424B37DB800B30A98 /* TripFunctions.swift */,
			);
			path = Trip;
			sourceTree = "<group>";
		};
		2AA8CAB824B383D100B30A98 /* TripsViewController */ = {
			isa = PBXGroup;
			children = (
				2AA8CABB24B3841200B30A98 /* TripsViewController.storyboard */,
				2AA8CABE24B3847D00B30A98 /* TripsViewController.swift */,
				2AA8CAC024B3903900B30A98 /* TripsTableViewCell.swift */,
			);
			path = TripsViewController;
			sourceTree = "<group>";
		};
		2AA8CABD24B3842700B30A98 /* Views */ = {
			isa = PBXGroup;
			children = (
				2AA8CAD124B4744100B30A98 /* AddTripViewController */,
				2AA8CAB824B383D100B30A98 /* TripsViewController */,
				2A2FEF4024B6158500929ABC /* ActivitiesViewController */,
				2AE3FD6724B71581003F2651 /* AddDayViewController */,
				2AE3FD7424B785A0003F2651 /* AddActivityViewController */,
			);
			path = Views;
			sourceTree = "<group>";
		};
		2AA8CAC224B39ED600B30A98 /* Extensions */ = {
			isa = PBXGroup;
			children = (
				2AE3FD7224B733F3003F2651 /* DateExtension.swift */,
				2AA8CACD24B464E200B30A98 /* UIAddTripButtonExtension.swift */,
				2AE3FD6E24B72124003F2651 /* UITextFieldExtension.swift */,
				2AE3FD6C24B71DCD003F2651 /* UIViewControllerExtension.swift */,
				2AA8CAC424B39F1F00B30A98 /* UIViewExtension.swift */,
			);
			path = Extensions;
			sourceTree = "<group>";
		};
		2AA8CAC624B3A10E00B30A98 /* Resources */ = {
			isa = PBXGroup;
			children = (
				2AA8CAD424B478C500B30A98 /* CustomControls */,
				2AA8CAC224B39ED600B30A98 /* Extensions */,
				2AA8CAC924B3A1FC00B30A98 /* FugazOne-Regular.ttf */,
				2AA8CAC724B3A11D00B30A98 /* Theme.swift */,
				2AE3FD6524B658EC003F2651 /* Constants.swift */,
				2AA8CACB24B3A40600B30A98 /* Colours.xcassets */,
				2AEC6FAF24AFA9F30015E092 /* Assets.xcassets */,
			);
			path = Resources;
			sourceTree = "<group>";
		};
		2AA8CAD124B4744100B30A98 /* AddTripViewController */ = {
			isa = PBXGroup;
			children = (
				2AC144F624B4857E0048F07A /* AddTripViewController.storyboard */,
				2AA8CAD224B4746900B30A98 /* AddTripViewController.swift */,
			);
			path = AddTripViewController;
			sourceTree = "<group>";
		};
		2AA8CAD424B478C500B30A98 /* CustomControls */ = {
			isa = PBXGroup;
			children = (
				2AA8CAD524B478DA00B30A98 /* PopupUIView.swift */,
				2AA8CAD724B47A9300B30A98 /* PopupButton.swift */,
			);
			path = CustomControls;
			sourceTree = "<group>";
		};
		2AE3FD6724B71581003F2651 /* AddDayViewController */ = {
			isa = PBXGroup;
			children = (
				2AE3FD6824B715C4003F2651 /* AddDayViewController.storyboard */,
				2AE3FD6A24B715DA003F2651 /* AddDayViewController.swift */,
			);
			path = AddDayViewController;
			sourceTree = "<group>";
		};
		2AE3FD7424B785A0003F2651 /* AddActivityViewController */ = {
			isa = PBXGroup;
			children = (
				2AE3FD7524B785D8003F2651 /* AddActivityViewController.storyboard */,
				2AE3FD7724B785E7003F2651 /* AddActivityViewController.swift */,
			);
			path = AddActivityViewController;
			sourceTree = "<group>";
		};
		2AEC6F9A24AFA9F00015E092 = {
			isa = PBXGroup;
			children = (
				2AEC6FA524AFA9F00015E092 /* Itinerary */,
				2AEC6FA424AFA9F00015E092 /* Products */,
			);
			sourceTree = "<group>";
		};
		2AEC6FA424AFA9F00015E092 /* Products */ = {
			isa = PBXGroup;
			children = (
				2AEC6FA324AFA9F00015E092 /* Itinerary.app */,
			);
			name = Products;
			sourceTree = "<group>";
		};
		2AEC6FA524AFA9F00015E092 /* Itinerary */ = {
			isa = PBXGroup;
			children = (
				2AA8CAC624B3A10E00B30A98 /* Resources */,
				2AA8CAB024B37D8800B30A98 /* Model */,
				2AA8CABD24B3842700B30A98 /* Views */,
				2AEC6FA624AFA9F00015E092 /* AppDelegate.swift */,
				2AEC6FA824AFA9F00015E092 /* SceneDelegate.swift */,
				2AEC6FB124AFA9F30015E092 /* LaunchScreen.storyboard */,
				2AEC6FB424AFA9F30015E092 /* Info.plist */,
			);
			path = Itinerary;
			sourceTree = "<group>";
		};
/* End PBXGroup section */

/* Begin PBXNativeTarget section */
		2AEC6FA224AFA9F00015E092 /* Itinerary */ = {
			isa = PBXNativeTarget;
			buildConfigurationList = 2AEC6FB724AFA9F30015E092 /* Build configuration list for PBXNativeTarget "Itinerary" */;
			buildPhases = (
				2AEC6F9F24AFA9F00015E092 /* Sources */,
				2AEC6FA024AFA9F00015E092 /* Frameworks */,
				2AEC6FA124AFA9F00015E092 /* Resources */,
			);
			buildRules = (
			);
			dependencies = (
			);
			name = Itinerary;
			productName = Itinerary;
			productReference = 2AEC6FA324AFA9F00015E092 /* Itinerary.app */;
			productType = "com.apple.product-type.application";
		};
/* End PBXNativeTarget section */

/* Begin PBXProject section */
		2AEC6F9B24AFA9F00015E092 /* Project object */ = {
			isa = PBXProject;
			attributes = {
				LastSwiftUpdateCheck = 1150;
				LastUpgradeCheck = 1150;
				ORGANIZATIONNAME = "Simon Barrett";
				TargetAttributes = {
					2AEC6FA224AFA9F00015E092 = {
						CreatedOnToolsVersion = 11.5;
					};
				};
			};
			buildConfigurationList = 2AEC6F9E24AFA9F00015E092 /* Build configuration list for PBXProject "Itinerary" */;
			compatibilityVersion = "Xcode 9.3";
			developmentRegion = en;
			hasScannedForEncodings = 0;
			knownRegions = (
				en,
				Base,
			);
			mainGroup = 2AEC6F9A24AFA9F00015E092;
			productRefGroup = 2AEC6FA424AFA9F00015E092 /* Products */;
			projectDirPath = "";
			projectRoot = "";
			targets = (
				2AEC6FA224AFA9F00015E092 /* Itinerary */,
			);
		};
/* End PBXProject section */

/* Begin PBXResourcesBuildPhase section */
		2AEC6FA124AFA9F00015E092 /* Resources */ = {
			isa = PBXResourcesBuildPhase;
			buildActionMask = 2147483647;
			files = (
				2AC144F724B4857E0048F07A /* AddTripViewController.storyboard in Resources */,
				2AEC6FB324AFA9F30015E092 /* LaunchScreen.storyboard in Resources */,
				2AA8CACC24B3A40600B30A98 /* Colours.xcassets in Resources */,
				2A2FEF4424B61C3400929ABC /* ActivitiesViewController.storyboard in Resources */,
				2AE3FD6924B715C4003F2651 /* AddDayViewController.storyboard in Resources */,
				2AE3FD7624B785D8003F2651 /* AddActivityViewController.storyboard in Resources */,
				2AA8CABC24B3841200B30A98 /* TripsViewController.storyboard in Resources */,
				2AA8CACA24B3A1FC00B30A98 /* FugazOne-Regular.ttf in Resources */,
				2AEC6FB024AFA9F30015E092 /* Assets.xcassets in Resources */,
			);
			runOnlyForDeploymentPostprocessing = 0;
		};
/* End PBXResourcesBuildPhase section */

/* Begin PBXSourcesBuildPhase section */
		2AEC6F9F24AFA9F00015E092 /* Sources */ = {
			isa = PBXSourcesBuildPhase;
			buildActionMask = 2147483647;
			files = (
				2AA8CAD824B47A9300B30A98 /* PopupButton.swift in Sources */,
				2AE3FD6F24B72124003F2651 /* UITextFieldExtension.swift in Sources */,
				2AE3FD6B24B715DA003F2651 /* AddDayViewController.swift in Sources */,
				2AA8CAC824B3A11D00B30A98 /* Theme.swift in Sources */,
				2AE3FD7A24B7A414003F2651 /* ActivityFunctions.swift in Sources */,
				2AE3FD6424B64B96003F2651 /* ActivityTableViewCell.swift in Sources */,
				2AE3FD7324B733F3003F2651 /* DateExtension.swift in Sources */,
				2A2FEF4624B6456D00929ABC /* HeaderTableViewCell.swift in Sources */,
				2A2FEF3624B6104F00929ABC /* DayModel.swift in Sources */,
				2A2FEF3D24B6120F00929ABC /* MockData.swift in Sources */,
				2AE3FD6D24B71DCD003F2651 /* UIViewControllerExtension.swift in Sources */,
				2AA8CACE24B464E200B30A98 /* UIAddTripButtonExtension.swift in Sources */,
				2AEC6FA724AFA9F00015E092 /* AppDelegate.swift in Sources */,
				2A2FEF3B24B611BF00929ABC /* ActivityTypeEnum.swift in Sources */,
				2A2FEF3924B6110E00929ABC /* ActivityModel.swift in Sources */,
				2AE3FD7124B725E4003F2651 /* DayFunctions.swift in Sources */,
				2AA8CAB724B37FCA00B30A98 /* Data.swift in Sources */,
				2AE3FD6624B658EC003F2651 /* Constants.swift in Sources */,
				2AA8CAC524B39F1F00B30A98 /* UIViewExtension.swift in Sources */,
				2AA8CAD624B478DA00B30A98 /* PopupUIView.swift in Sources */,
				2AEC6FA924AFA9F00015E092 /* SceneDelegate.swift in Sources */,
				2AA8CABF24B3847D00B30A98 /* TripsViewController.swift in Sources */,
				2AE3FD7824B785E7003F2651 /* AddActivityViewController.swift in Sources */,
				2A2FEF4224B615C600929ABC /* ActivitiesViewController.swift in Sources */,
				2AA8CAD324B4746900B30A98 /* AddTripViewController.swift in Sources */,
				2AA8CAB524B37DB800B30A98 /* TripFunctions.swift in Sources */,
				2AA8CAC124B3903900B30A98 /* TripsTableViewCell.swift in Sources */,
				2AA8CAB324B37DAD00B30A98 /* TripModel.swift in Sources */,
			);
			runOnlyForDeploymentPostprocessing = 0;
		};
/* End PBXSourcesBuildPhase section */

/* Begin PBXVariantGroup section */
		2AEC6FB124AFA9F30015E092 /* LaunchScreen.storyboard */ = {
			isa = PBXVariantGroup;
			children = (
				2AEC6FB224AFA9F30015E092 /* Base */,
			);
			name = LaunchScreen.storyboard;
			sourceTree = "<group>";
		};
/* End PBXVariantGroup section */

/* Begin XCBuildConfiguration section */
		2AEC6FB524AFA9F30015E092 /* Debug */ = {
			isa = XCBuildConfiguration;
			buildSettings = {
				ALWAYS_SEARCH_USER_PATHS = NO;
				CLANG_ANALYZER_NONNULL = YES;
				CLANG_ANALYZER_NUMBER_OBJECT_CONVERSION = YES_AGGRESSIVE;
				CLANG_CXX_LANGUAGE_STANDARD = "gnu++14";
				CLANG_CXX_LIBRARY = "libc++";
				CLANG_ENABLE_MODULES = YES;
				CLANG_ENABLE_OBJC_ARC = YES;
				CLANG_ENABLE_OBJC_WEAK = YES;
				CLANG_WARN_BLOCK_CAPTURE_AUTORELEASING = YES;
				CLANG_WARN_BOOL_CONVERSION = YES;
				CLANG_WARN_COMMA = YES;
				CLANG_WARN_CONSTANT_CONVERSION = YES;
				CLANG_WARN_DEPRECATED_OBJC_IMPLEMENTATIONS = YES;
				CLANG_WARN_DIRECT_OBJC_ISA_USAGE = YES_ERROR;
				CLANG_WARN_DOCUMENTATION_COMMENTS = YES;
				CLANG_WARN_EMPTY_BODY = YES;
				CLANG_WARN_ENUM_CONVERSION = YES;
				CLANG_WARN_INFINITE_RECURSION = YES;
				CLANG_WARN_INT_CONVERSION = YES;
				CLANG_WARN_NON_LITERAL_NULL_CONVERSION = YES;
				CLANG_WARN_OBJC_IMPLICIT_RETAIN_SELF = YES;
				CLANG_WARN_OBJC_LITERAL_CONVERSION = YES;
				CLANG_WARN_OBJC_ROOT_CLASS = YES_ERROR;
				CLANG_WARN_RANGE_LOOP_ANALYSIS = YES;
				CLANG_WARN_STRICT_PROTOTYPES = YES;
				CLANG_WARN_SUSPICIOUS_MOVE = YES;
				CLANG_WARN_UNGUARDED_AVAILABILITY = YES_AGGRESSIVE;
				CLANG_WARN_UNREACHABLE_CODE = YES;
				CLANG_WARN__DUPLICATE_METHOD_MATCH = YES;
				COPY_PHASE_STRIP = NO;
				DEBUG_INFORMATION_FORMAT = dwarf;
				ENABLE_STRICT_OBJC_MSGSEND = YES;
				ENABLE_TESTABILITY = YES;
				GCC_C_LANGUAGE_STANDARD = gnu11;
				GCC_DYNAMIC_NO_PIC = NO;
				GCC_NO_COMMON_BLOCKS = YES;
				GCC_OPTIMIZATION_LEVEL = 0;
				GCC_PREPROCESSOR_DEFINITIONS = (
					"DEBUG=1",
					"$(inherited)",
				);
				GCC_WARN_64_TO_32_BIT_CONVERSION = YES;
				GCC_WARN_ABOUT_RETURN_TYPE = YES_ERROR;
				GCC_WARN_UNDECLARED_SELECTOR = YES;
				GCC_WARN_UNINITIALIZED_AUTOS = YES_AGGRESSIVE;
				GCC_WARN_UNUSED_FUNCTION = YES;
				GCC_WARN_UNUSED_VARIABLE = YES;
				IPHONEOS_DEPLOYMENT_TARGET = 13.5;
				MTL_ENABLE_DEBUG_INFO = INCLUDE_SOURCE;
				MTL_FAST_MATH = YES;
				ONLY_ACTIVE_ARCH = YES;
				SDKROOT = iphoneos;
				SWIFT_ACTIVE_COMPILATION_CONDITIONS = DEBUG;
				SWIFT_OPTIMIZATION_LEVEL = "-Onone";
			};
			name = Debug;
		};
		2AEC6FB624AFA9F30015E092 /* Release */ = {
			isa = XCBuildConfiguration;
			buildSettings = {
				ALWAYS_SEARCH_USER_PATHS = NO;
				CLANG_ANALYZER_NONNULL = YES;
				CLANG_ANALYZER_NUMBER_OBJECT_CONVERSION = YES_AGGRESSIVE;
				CLANG_CXX_LANGUAGE_STANDARD = "gnu++14";
				CLANG_CXX_LIBRARY = "libc++";
				CLANG_ENABLE_MODULES = YES;
				CLANG_ENABLE_OBJC_ARC = YES;
				CLANG_ENABLE_OBJC_WEAK = YES;
				CLANG_WARN_BLOCK_CAPTURE_AUTORELEASING = YES;
				CLANG_WARN_BOOL_CONVERSION = YES;
				CLANG_WARN_COMMA = YES;
				CLANG_WARN_CONSTANT_CONVERSION = YES;
				CLANG_WARN_DEPRECATED_OBJC_IMPLEMENTATIONS = YES;
				CLANG_WARN_DIRECT_OBJC_ISA_USAGE = YES_ERROR;
				CLANG_WARN_DOCUMENTATION_COMMENTS = YES;
				CLANG_WARN_EMPTY_BODY = YES;
				CLANG_WARN_ENUM_CONVERSION = YES;
				CLANG_WARN_INFINITE_RECURSION = YES;
				CLANG_WARN_INT_CONVERSION = YES;
				CLANG_WARN_NON_LITERAL_NULL_CONVERSION = YES;
				CLANG_WARN_OBJC_IMPLICIT_RETAIN_SELF = YES;
				CLANG_WARN_OBJC_LITERAL_CONVERSION = YES;
				CLANG_WARN_OBJC_ROOT_CLASS = YES_ERROR;
				CLANG_WARN_RANGE_LOOP_ANALYSIS = YES;
				CLANG_WARN_STRICT_PROTOTYPES = YES;
				CLANG_WARN_SUSPICIOUS_MOVE = YES;
				CLANG_WARN_UNGUARDED_AVAILABILITY = YES_AGGRESSIVE;
				CLANG_WARN_UNREACHABLE_CODE = YES;
				CLANG_WARN__DUPLICATE_METHOD_MATCH = YES;
				COPY_PHASE_STRIP = NO;
				DEBUG_INFORMATION_FORMAT = "dwarf-with-dsym";
				ENABLE_NS_ASSERTIONS = NO;
				ENABLE_STRICT_OBJC_MSGSEND = YES;
				GCC_C_LANGUAGE_STANDARD = gnu11;
				GCC_NO_COMMON_BLOCKS = YES;
				GCC_WARN_64_TO_32_BIT_CONVERSION = YES;
				GCC_WARN_ABOUT_RETURN_TYPE = YES_ERROR;
				GCC_WARN_UNDECLARED_SELECTOR = YES;
				GCC_WARN_UNINITIALIZED_AUTOS = YES_AGGRESSIVE;
				GCC_WARN_UNUSED_FUNCTION = YES;
				GCC_WARN_UNUSED_VARIABLE = YES;
				IPHONEOS_DEPLOYMENT_TARGET = 13.5;
				MTL_ENABLE_DEBUG_INFO = NO;
				MTL_FAST_MATH = YES;
				SDKROOT = iphoneos;
				SWIFT_COMPILATION_MODE = wholemodule;
				SWIFT_OPTIMIZATION_LEVEL = "-O";
				VALIDATE_PRODUCT = YES;
			};
			name = Release;
		};
		2AEC6FB824AFA9F30015E092 /* Debug */ = {
			isa = XCBuildConfiguration;
			buildSettings = {
				ASSETCATALOG_COMPILER_APPICON_NAME = AppIcon;
				CODE_SIGN_STYLE = Automatic;
				DEVELOPMENT_TEAM = J5JU6545CU;
				INFOPLIST_FILE = Itinerary/Info.plist;
				LD_RUNPATH_SEARCH_PATHS = (
					"$(inherited)",
					"@executable_path/Frameworks",
				);
				PRODUCT_BUNDLE_IDENTIFIER = com.SGB.Itinerary;
				PRODUCT_NAME = "$(TARGET_NAME)";
				SWIFT_VERSION = 5.0;
				TARGETED_DEVICE_FAMILY = "1,2";
			};
			name = Debug;
		};
		2AEC6FB924AFA9F30015E092 /* Release */ = {
			isa = XCBuildConfiguration;
			buildSettings = {
				ASSETCATALOG_COMPILER_APPICON_NAME = AppIcon;
				CODE_SIGN_STYLE = Automatic;
				DEVELOPMENT_TEAM = J5JU6545CU;
				INFOPLIST_FILE = Itinerary/Info.plist;
				LD_RUNPATH_SEARCH_PATHS = (
					"$(inherited)",
					"@executable_path/Frameworks",
				);
				PRODUCT_BUNDLE_IDENTIFIER = com.SGB.Itinerary;
				PRODUCT_NAME = "$(TARGET_NAME)";
				SWIFT_VERSION = 5.0;
				TARGETED_DEVICE_FAMILY = "1,2";
			};
			name = Release;
		};
/* End XCBuildConfiguration section */

/* Begin XCConfigurationList section */
		2AEC6F9E24AFA9F00015E092 /* Build configuration list for PBXProject "Itinerary" */ = {
			isa = XCConfigurationList;
			buildConfigurations = (
				2AEC6FB524AFA9F30015E092 /* Debug */,
				2AEC6FB624AFA9F30015E092 /* Release */,
			);
			defaultConfigurationIsVisible = 0;
			defaultConfigurationName = Release;
		};
		2AEC6FB724AFA9F30015E092 /* Build configuration list for PBXNativeTarget "Itinerary" */ = {
			isa = XCConfigurationList;
			buildConfigurations = (
				2AEC6FB824AFA9F30015E092 /* Debug */,
				2AEC6FB924AFA9F30015E092 /* Release */,
			);
			defaultConfigurationIsVisible = 0;
			defaultConfigurationName = Release;
		};
/* End XCConfigurationList section */
	};
	rootObject = 2AEC6F9B24AFA9F00015E092 /* Project object */;
}
